// !$*UTF8*$!
{
	archiveVersion = 1;
	classes = {
	};
	objectVersion = 46;
	objects = {

/* Begin PBXBuildFile section */
		8D1AC9700486D14A00FE50C9 /* Cocoa.framework in Frameworks */ = {isa = PBXBuildFile; fileRef = DD92D38A0106425D02CA0E72 /* Cocoa.framework */; };
		BBF5817C0B1D9D84003CFF55 /* QSViscosityAction.m in Sources */ = {isa = PBXBuildFile; fileRef = BBF5817B0B1D9D84003CFF55 /* QSViscosityAction.m */; };
		BBF581840B1D9DC3003CFF55 /* QSViscositySource.m in Sources */ = {isa = PBXBuildFile; fileRef = BBF581830B1D9DC3003CFF55 /* QSViscositySource.m */; };
		D410C28E1206F9DD008989BA /* QSViscosityVPNAction.m in Sources */ = {isa = PBXBuildFile; fileRef = D410C28D1206F9DD008989BA /* QSViscosityVPNAction.m */; };
		D46077561648025F003D83B4 /* ScriptingBridge.framework in Frameworks */ = {isa = PBXBuildFile; fileRef = D46077541648023C003D83B4 /* ScriptingBridge.framework */; };
		D4607762164810BC003D83B4 /* ViscosityBridge.m in Sources */ = {isa = PBXBuildFile; fileRef = D4607761164810BC003D83B4 /* ViscosityBridge.m */; };
		D4731D001647FCEE00FC9816 /* QSFoundation.framework in Frameworks */ = {isa = PBXBuildFile; fileRef = D4731CFF1647FCBA00FC9816 /* QSFoundation.framework */; };
/* End PBXBuildFile section */

/* Begin PBXFileReference section */
		8D1AC9730486D14A00FE50C9 /* Info.plist */ = {isa = PBXFileReference; fileEncoding = 4; lastKnownFileType = text.plist; path = Info.plist; sourceTree = "<group>"; };
		BBF5817A0B1D9D84003CFF55 /* QSViscosityAction.h */ = {isa = PBXFileReference; fileEncoding = 4; lastKnownFileType = sourcecode.c.h; path = QSViscosityAction.h; sourceTree = "<group>"; };
		BBF5817B0B1D9D84003CFF55 /* QSViscosityAction.m */ = {isa = PBXFileReference; fileEncoding = 4; lastKnownFileType = sourcecode.c.objc; path = QSViscosityAction.m; sourceTree = "<group>"; };
		BBF581820B1D9DC3003CFF55 /* QSViscositySource.h */ = {isa = PBXFileReference; fileEncoding = 4; lastKnownFileType = sourcecode.c.h; path = QSViscositySource.h; sourceTree = "<group>"; };
		BBF581830B1D9DC3003CFF55 /* QSViscositySource.m */ = {isa = PBXFileReference; fileEncoding = 4; lastKnownFileType = sourcecode.c.objc; path = QSViscositySource.m; sourceTree = "<group>"; };
		D410C28C1206F9DD008989BA /* QSViscosityVPNAction.h */ = {isa = PBXFileReference; fileEncoding = 4; lastKnownFileType = sourcecode.c.h; path = QSViscosityVPNAction.h; sourceTree = "<group>"; };
		D410C28D1206F9DD008989BA /* QSViscosityVPNAction.m */ = {isa = PBXFileReference; fileEncoding = 4; lastKnownFileType = sourcecode.c.objc; path = QSViscosityVPNAction.m; sourceTree = "<group>"; };
		D460775316480219003D83B4 /* Viscosity.h */ = {isa = PBXFileReference; fileEncoding = 4; lastKnownFileType = sourcecode.c.h; path = Viscosity.h; sourceTree = "<group>"; };
		D46077541648023C003D83B4 /* ScriptingBridge.framework */ = {isa = PBXFileReference; lastKnownFileType = wrapper.framework; name = ScriptingBridge.framework; path = System/Library/Frameworks/ScriptingBridge.framework; sourceTree = SDKROOT; };
		D4607760164810BC003D83B4 /* ViscosityBridge.h */ = {isa = PBXFileReference; fileEncoding = 4; lastKnownFileType = sourcecode.c.h; path = ViscosityBridge.h; sourceTree = "<group>"; };
		D4607761164810BC003D83B4 /* ViscosityBridge.m */ = {isa = PBXFileReference; fileEncoding = 4; lastKnownFileType = sourcecode.c.objc; path = ViscosityBridge.m; sourceTree = "<group>"; };
		D4731CF01647FA4D00FC9816 /* Common.xcconfig */ = {isa = PBXFileReference; fileEncoding = 4; lastKnownFileType = text.xcconfig; path = Common.xcconfig; sourceTree = "<group>"; };
		D4731CF11647FA4D00FC9816 /* Debug.xcconfig */ = {isa = PBXFileReference; fileEncoding = 4; lastKnownFileType = text.xcconfig; path = Debug.xcconfig; sourceTree = "<group>"; };
		D4731CF21647FA4D00FC9816 /* Developer.xcconfig */ = {isa = PBXFileReference; fileEncoding = 4; lastKnownFileType = text.xcconfig; path = Developer.xcconfig; sourceTree = "<group>"; };
		D4731CF31647FA4D00FC9816 /* QSPlugIn.xcconfig */ = {isa = PBXFileReference; fileEncoding = 4; lastKnownFileType = text.xcconfig; path = QSPlugIn.xcconfig; sourceTree = "<group>"; };
		D4731CF41647FA4D00FC9816 /* Quicksilver.pch */ = {isa = PBXFileReference; fileEncoding = 4; lastKnownFileType = sourcecode.c.h; path = Quicksilver.pch; sourceTree = "<group>"; };
		D4731CF51647FA4D00FC9816 /* Release.xcconfig */ = {isa = PBXFileReference; fileEncoding = 4; lastKnownFileType = text.xcconfig; path = Release.xcconfig; sourceTree = "<group>"; };
		D4731CFF1647FCBA00FC9816 /* QSFoundation.framework */ = {isa = PBXFileReference; lastKnownFileType = wrapper.framework; path = QSFoundation.framework; sourceTree = BUILT_PRODUCTS_DIR; };
		D4E09662110F68D300249396 /* Viscosity Plugin.qsplugin */ = {isa = PBXFileReference; explicitFileType = wrapper.cfbundle; includeInIndex = 0; path = "Viscosity Plugin.qsplugin"; sourceTree = BUILT_PRODUCTS_DIR; };
		DD92D38A0106425D02CA0E72 /* Cocoa.framework */ = {isa = PBXFileReference; lastKnownFileType = wrapper.framework; name = Cocoa.framework; path = /System/Library/Frameworks/Cocoa.framework; sourceTree = "<absolute>"; };
/* End PBXFileReference section */

/* Begin PBXFrameworksBuildPhase section */
		8D1AC96E0486D14A00FE50C9 /* Frameworks */ = {
			isa = PBXFrameworksBuildPhase;
			buildActionMask = 2147483647;
			files = (
				8D1AC9700486D14A00FE50C9 /* Cocoa.framework in Frameworks */,
				D4731D001647FCEE00FC9816 /* QSFoundation.framework in Frameworks */,
				D46077561648025F003D83B4 /* ScriptingBridge.framework in Frameworks */,
			);
			runOnlyForDeploymentPostprocessing = 0;
		};
/* End PBXFrameworksBuildPhase section */

/* Begin PBXGroup section */
		0259C574FE90428111CA0C5A /* QSViscosity */ = {
			isa = PBXGroup;
			children = (
				D4731CEF1647FA4D00FC9816 /* Configuration */,
				32DBCF9E0370C38000C91783 /* Classes */,
				0259C582FE90428111CA0C5A /* Resources */,
				1ED78706FE9D4A0611CA0C5A /* Products */,
				2E58F364FFB232C311CA0CBA /* Frameworks */,
			);
			name = QSViscosity;
			sourceTree = "<group>";
		};
		0259C582FE90428111CA0C5A /* Resources */ = {
			isa = PBXGroup;
			children = (
				8D1AC9730486D14A00FE50C9 /* Info.plist */,
			);
			name = Resources;
			sourceTree = "<group>";
		};
		1ED78706FE9D4A0611CA0C5A /* Products */ = {
			isa = PBXGroup;
			children = (
				D4E09662110F68D300249396 /* Viscosity Plugin.qsplugin */,
			);
			name = Products;
			sourceTree = "<group>";
		};
		2E58F364FFB232C311CA0CBA /* Frameworks */ = {
			isa = PBXGroup;
			children = (
				DD92D38A0106425D02CA0E72 /* Cocoa.framework */,
				D4731CFF1647FCBA00FC9816 /* QSFoundation.framework */,
				D46077541648023C003D83B4 /* ScriptingBridge.framework */,
			);
			name = Frameworks;
			sourceTree = "<group>";
		};
		32DBCF9E0370C38000C91783 /* Classes */ = {
			isa = PBXGroup;
			children = (
				D460775316480219003D83B4 /* Viscosity.h */,
				D4607760164810BC003D83B4 /* ViscosityBridge.h */,
				D4607761164810BC003D83B4 /* ViscosityBridge.m */,
				BBF5817A0B1D9D84003CFF55 /* QSViscosityAction.h */,
				BBF5817B0B1D9D84003CFF55 /* QSViscosityAction.m */,
				BBF581820B1D9DC3003CFF55 /* QSViscositySource.h */,
				BBF581830B1D9DC3003CFF55 /* QSViscositySource.m */,
				D410C28C1206F9DD008989BA /* QSViscosityVPNAction.h */,
				D410C28D1206F9DD008989BA /* QSViscosityVPNAction.m */,
			);
			name = Classes;
			sourceTree = "<group>";
		};
		D4731CEF1647FA4D00FC9816 /* Configuration */ = {
			isa = PBXGroup;
			children = (
				D4731CF01647FA4D00FC9816 /* Common.xcconfig */,
				D4731CF11647FA4D00FC9816 /* Debug.xcconfig */,
				D4731CF21647FA4D00FC9816 /* Developer.xcconfig */,
				D4731CF31647FA4D00FC9816 /* QSPlugIn.xcconfig */,
				D4731CF41647FA4D00FC9816 /* Quicksilver.pch */,
				D4731CF51647FA4D00FC9816 /* Release.xcconfig */,
			);
			name = Configuration;
			path = ../../../../../../private/tmp/QS/Configuration;
			sourceTree = "<group>";
		};
/* End PBXGroup section */

/* Begin PBXNativeTarget section */
		8D1AC9600486D14A00FE50C9 /* Viscosity Plugin */ = {
			isa = PBXNativeTarget;
			buildConfigurationList = 7F6B3EEB085CE8DF000735A8 /* Build configuration list for PBXNativeTarget "Viscosity Plugin" */;
			buildPhases = (
				E1022B2806B3475D00299BEC /* Update Version and Documentation */,
				8D1AC9660486D14A00FE50C9 /* Resources */,
				8D1AC96A0486D14A00FE50C9 /* Sources */,
				8D1AC96E0486D14A00FE50C9 /* Frameworks */,
			);
			buildRules = (
			);
			dependencies = (
			);
			name = "Viscosity Plugin";
			productInstallPath = "$(HOME)/Developer/Palettes";
			productName = QSViscosity;
			productReference = D4E09662110F68D300249396 /* Viscosity Plugin.qsplugin */;
			productType = "com.apple.product-type.bundle";
		};
/* End PBXNativeTarget section */

/* Begin PBXProject section */
		0259C573FE90428111CA0C5A /* Project object */ = {
			isa = PBXProject;
			attributes = {
				LastUpgradeCheck = 0450;
				ORGANIZATIONNAME = "Skurfers' Alliance";
			};
			buildConfigurationList = 7F6B3EEF085CE8DF000735A8 /* Build configuration list for PBXProject "QSViscosity" */;
			compatibilityVersion = "Xcode 3.2";
			developmentRegion = English;
			hasScannedForEncodings = 1;
			knownRegions = (
				English,
				Japanese,
				French,
				German,
			);
			mainGroup = 0259C574FE90428111CA0C5A /* QSViscosity */;
			projectDirPath = "";
			projectRoot = "";
			targets = (
				8D1AC9600486D14A00FE50C9 /* Viscosity Plugin */,
			);
		};
/* End PBXProject section */

/* Begin PBXResourcesBuildPhase section */
		8D1AC9660486D14A00FE50C9 /* Resources */ = {
			isa = PBXResourcesBuildPhase;
			buildActionMask = 2147483647;
			files = (
			);
			runOnlyForDeploymentPostprocessing = 0;
		};
/* End PBXResourcesBuildPhase section */

/* Begin PBXShellScriptBuildPhase section */
		E1022B2806B3475D00299BEC /* Update Version and Documentation */ = {
			isa = PBXShellScriptBuildPhase;
			buildActionMask = 2147483647;
			files = (
			);
			inputPaths = (
			);
			name = "Update Version and Documentation";
			outputPaths = (
			);
			runOnlyForDeploymentPostprocessing = 0;
			shellPath = /bin/sh;
			shellScript = "\"$QS_BUILD_ROOT/Tools/bltrversion\"";
		};
/* End PBXShellScriptBuildPhase section */

/* Begin PBXSourcesBuildPhase section */
		8D1AC96A0486D14A00FE50C9 /* Sources */ = {
			isa = PBXSourcesBuildPhase;
			buildActionMask = 2147483647;
			files = (
				BBF5817C0B1D9D84003CFF55 /* QSViscosityAction.m in Sources */,
				BBF581840B1D9DC3003CFF55 /* QSViscositySource.m in Sources */,
				D410C28E1206F9DD008989BA /* QSViscosityVPNAction.m in Sources */,
				D4607762164810BC003D83B4 /* ViscosityBridge.m in Sources */,
			);
			runOnlyForDeploymentPostprocessing = 0;
		};
/* End PBXSourcesBuildPhase section */

/* Begin XCBuildConfiguration section */
		7F6B3EEC085CE8DF000735A8 /* Debug */ = {
			isa = XCBuildConfiguration;
			baseConfigurationReference = D4731CF31647FA4D00FC9816 /* QSPlugIn.xcconfig */;
			buildSettings = {
				COMBINE_HIDPI_IMAGES = YES;
				PRODUCT_NAME = "Viscosity Plugin";
			};
			name = Debug;
		};
		7F6B3EED085CE8DF000735A8 /* Release */ = {
			isa = XCBuildConfiguration;
			baseConfigurationReference = D4731CF31647FA4D00FC9816 /* QSPlugIn.xcconfig */;
			buildSettings = {
				COMBINE_HIDPI_IMAGES = YES;
				PRODUCT_NAME = "Viscosity Plugin";
			};
			name = Release;
		};
		7F6B3EF0085CE8DF000735A8 /* Debug */ = {
			isa = XCBuildConfiguration;
			baseConfigurationReference = D4731CF11647FA4D00FC9816 /* Debug.xcconfig */;
			buildSettings = {
			};
			name = Debug;
		};
		7F6B3EF1085CE8DF000735A8 /* Release */ = {
			isa = XCBuildConfiguration;
			baseConfigurationReference = D4731CF51647FA4D00FC9816 /* Release.xcconfig */;
			buildSettings = {
			};
			name = Release;
		};
/* End XCBuildConfiguration section */

/* Begin XCConfigurationList section */
		7F6B3EEB085CE8DF000735A8 /* Build configuration list for PBXNativeTarget "Viscosity Plugin" */ = {
			isa = XCConfigurationList;
			buildConfigurations = (
				7F6B3EEC085CE8DF000735A8 /* Debug */,
				7F6B3EED085CE8DF000735A8 /* Release */,
			);
			defaultConfigurationIsVisible = 0;
			defaultConfigurationName = Release;
		};
		7F6B3EEF085CE8DF000735A8 /* Build configuration list for PBXProject "QSViscosity" */ = {
			isa = XCConfigurationList;
			buildConfigurations = (
				7F6B3EF0085CE8DF000735A8 /* Debug */,
				7F6B3EF1085CE8DF000735A8 /* Release */,
			);
			defaultConfigurationIsVisible = 0;
			defaultConfigurationName = Release;
		};
/* End XCConfigurationList section */
	};
	rootObject = 0259C573FE90428111CA0C5A /* Project object */;
}
